
Microsoft Visual Studio Solution File, Format Version 12.00
# Visual Studio 2015
Project("{FAE04EC0-301F-11D3-BF4B-00C04F79EFBC}") = "GetDownMrPresident_Proto1.CSharp.Plugins", "GetDownMrPresident_Proto1.CSharp.Plugins.csproj", "{F2708B64-68C3-F04E-B61B-E27A0E1EA245}"
EndProject
Project("{FAE04EC0-301F-11D3-BF4B-00C04F79EFBC}") = "GetDownMrPresident_Proto1.CSharp", "GetDownMrPresident_Proto1.CSharp.csproj", "{8C8927C0-AEDB-49AF-9A96-7AFFE9FB9D04}"
EndProject
Project("{FAE04EC0-301F-11D3-BF4B-00C04F79EFBC}") = "GetDownMrPresident_Proto1.CSharp.Editor", "GetDownMrPresident_Proto1.CSharp.Editor.csproj", "{490D5364-AA6A-2650-7304-1BEC0CBC08CC}"
EndProject
Global
	GlobalSection(SolutionConfigurationPlatforms) = preSolution
		Debug|Any CPU = Debug|Any CPU
		Release|Any CPU = Release|Any CPU
	EndGlobalSection
	GlobalSection(ProjectConfigurationPlatforms) = postSolution
		{F2708B64-68C3-F04E-B61B-E27A0E1EA245}.Debug|Any CPU.ActiveCfg = Debug|Any CPU
		{F2708B64-68C3-F04E-B61B-E27A0E1EA245}.Debug|Any CPU.Build.0 = Debug|Any CPU
		{F2708B64-68C3-F04E-B61B-E27A0E1EA245}.Release|Any CPU.ActiveCfg = Release|Any CPU
		{F2708B64-68C3-F04E-B61B-E27A0E1EA245}.Release|Any CPU.Build.0 = Release|Any CPU
		{8C8927C0-AEDB-49AF-9A96-7AFFE9FB9D04}.Debug|Any CPU.ActiveCfg = Debug|Any CPU
		{8C8927C0-AEDB-49AF-9A96-7AFFE9FB9D04}.Debug|Any CPU.Build.0 = Debug|Any CPU
		{8C8927C0-AEDB-49AF-9A96-7AFFE9FB9D04}.Release|Any CPU.ActiveCfg = Release|Any CPU
		{8C8927C0-AEDB-49AF-9A96-7AFFE9FB9D04}.Release|Any CPU.Build.0 = Release|Any CPU
		{490D5364-AA6A-2650-7304-1BEC0CBC08CC}.Debug|Any CPU.ActiveCfg = Debug|Any CPU
		{490D5364-AA6A-2650-7304-1BEC0CBC08CC}.Debug|Any CPU.Build.0 = Debug|Any CPU
		{490D5364-AA6A-2650-7304-1BEC0CBC08CC}.Release|Any CPU.ActiveCfg = Release|Any CPU
		{490D5364-AA6A-2650-7304-1BEC0CBC08CC}.Release|Any CPU.Build.0 = Release|Any CPU
	EndGlobalSection
	GlobalSection(SolutionProperties) = preSolution
		HideSolutionNode = FALSE
	EndGlobalSection
EndGlobal
